
Microsoft Visual Studio Solution File, Format Version 12.00
# Visual Studio 15
VisualStudioVersion = 15.0.26510.0
MinimumVisualStudioVersion = 10.0.40219.1
Project("{FAE04EC0-301F-11D3-BF4B-00C04F79EFBC}") = "jsreport.VSTools", "jsreport.VSTools\jsreport.VSTools.csproj", "{ECCB4478-561D-470C-838E-40A344F1097F}"
EndProject
Global
	GlobalSection(SolutionConfigurationPlatforms) = preSolution
		Debug|Any CPU = Debug|Any CPU
		Release|Any CPU = Release|Any CPU
	EndGlobalSection
	GlobalSection(ProjectConfigurationPlatforms) = postSolution
		{ECCB4478-561D-470C-838E-40A344F1097F}.Debug|Any CPU.ActiveCfg = Debug|Any CPU
		{ECCB4478-561D-470C-838E-40A344F1097F}.Debug|Any CPU.Build.0 = Debug|Any CPU
		{ECCB4478-561D-470C-838E-40A344F1097F}.Release|Any CPU.ActiveCfg = Release|Any CPU
		{ECCB4478-561D-470C-838E-40A344F1097F}.Release|Any CPU.Build.0 = Release|Any CPU
	EndGlobalSection
	GlobalSection(SolutionProperties) = preSolution
		HideSolutionNode = FALSE
	EndGlobalSection
EndGlobal
